
Microsoft Visual Studio Solution File, Format Version 12.00
# Visual Studio Version 17
VisualStudioVersion = 17.13.35931.197
MinimumVisualStudioVersion = 10.0.40219.1
Project("{2150E333-8FDC-42A3-9474-1A3956D46DE8}") = "src", "src", "{02EA681E-C7D8-13C7-8484-4AC65E1B71E8}"
EndProject
Project("{2150E333-8FDC-42A3-9474-1A3956D46DE8}") = "tests", "tests", "{4891284C-E849-4F20-831D-D473BE05A542}"
EndProject
Project("{FAE04EC0-301F-11D3-BF4B-00C04F79EFBC}") = "CashFlow.Api", "src\CashFlow.Api\CashFlow.Api.csproj", "{E6523AE9-58E6-46A1-AD26-575300D18908}"
EndProject
Project("{FAE04EC0-301F-11D3-BF4B-00C04F79EFBC}") = "CashFlow.Application", "src\CashFlow.Application\CashFlow.Application.csproj", "{7F6C935E-6DD3-463C-9626-54B71639EF2F}"
EndProject
Project("{FAE04EC0-301F-11D3-BF4B-00C04F79EFBC}") = "CashFlow.Communication", "src\CashFlow.Communication\CashFlow.Communication.csproj", "{C99AB7AE-7282-48D1-8A53-9DEDB95F1654}"
EndProject
Project("{FAE04EC0-301F-11D3-BF4B-00C04F79EFBC}") = "CashFlow.Exception", "src\CashFlow.Exception\CashFlow.Exception.csproj", "{61D1EE35-4877-4249-9DFF-61ABDE5E9135}"
EndProject
Project("{FAE04EC0-301F-11D3-BF4B-00C04F79EFBC}") = "Validators.Tests", "tests\Validators.Tests\Validators.Tests.csproj", "{8F66F49E-4FC5-40D6-BE4F-7C0A1C3EEDC3}"
EndProject
Project("{FAE04EC0-301F-11D3-BF4B-00C04F79EFBC}") = "CommomTestUtilities", "tests\CommomTestUtilities\CommomTestUtilities.csproj", "{8BC73DA1-B636-4EEA-B9F7-E2648D23F036}"
EndProject
Project("{FAE04EC0-301F-11D3-BF4B-00C04F79EFBC}") = "CashFlow.Domain", "src\CashFlow.Domain\CashFlow.Domain.csproj", "{777B7F2C-699E-4D46-8C1E-C67025EF509B}"
EndProject
Project("{FAE04EC0-301F-11D3-BF4B-00C04F79EFBC}") = "CashFlow.Infrastructure", "CashFlow.Infrastructure\CashFlow.Infrastructure.csproj", "{E4EE6E14-65E4-4A4F-B609-6545B1CF8B3E}"
EndProject
Global
	GlobalSection(SolutionConfigurationPlatforms) = preSolution
		Debug|Any CPU = Debug|Any CPU
		Release|Any CPU = Release|Any CPU
	EndGlobalSection
	GlobalSection(ProjectConfigurationPlatforms) = postSolution
		{E6523AE9-58E6-46A1-AD26-575300D18908}.Debug|Any CPU.ActiveCfg = Debug|Any CPU
		{E6523AE9-58E6-46A1-AD26-575300D18908}.Debug|Any CPU.Build.0 = Debug|Any CPU
		{E6523AE9-58E6-46A1-AD26-575300D18908}.Release|Any CPU.ActiveCfg = Release|Any CPU
		{E6523AE9-58E6-46A1-AD26-575300D18908}.Release|Any CPU.Build.0 = Release|Any CPU
		{7F6C935E-6DD3-463C-9626-54B71639EF2F}.Debug|Any CPU.ActiveCfg = Debug|Any CPU
		{7F6C935E-6DD3-463C-9626-54B71639EF2F}.Debug|Any CPU.Build.0 = Debug|Any CPU
		{7F6C935E-6DD3-463C-9626-54B71639EF2F}.Release|Any CPU.ActiveCfg = Release|Any CPU
		{7F6C935E-6DD3-463C-9626-54B71639EF2F}.Release|Any CPU.Build.0 = Release|Any CPU
		{C99AB7AE-7282-48D1-8A53-9DEDB95F1654}.Debug|Any CPU.ActiveCfg = Debug|Any CPU
		{C99AB7AE-7282-48D1-8A53-9DEDB95F1654}.Debug|Any CPU.Build.0 = Debug|Any CPU
		{C99AB7AE-7282-48D1-8A53-9DEDB95F1654}.Release|Any CPU.ActiveCfg = Release|Any CPU
		{C99AB7AE-7282-48D1-8A53-9DEDB95F1654}.Release|Any CPU.Build.0 = Release|Any CPU
		{61D1EE35-4877-4249-9DFF-61ABDE5E9135}.Debug|Any CPU.ActiveCfg = Debug|Any CPU
		{61D1EE35-4877-4249-9DFF-61ABDE5E9135}.Debug|Any CPU.Build.0 = Debug|Any CPU
		{61D1EE35-4877-4249-9DFF-61ABDE5E9135}.Release|Any CPU.ActiveCfg = Release|Any CPU
		{61D1EE35-4877-4249-9DFF-61ABDE5E9135}.Release|Any CPU.Build.0 = Release|Any CPU
		{8F66F49E-4FC5-40D6-BE4F-7C0A1C3EEDC3}.Debug|Any CPU.ActiveCfg = Debug|Any CPU
		{8F66F49E-4FC5-40D6-BE4F-7C0A1C3EEDC3}.Debug|Any CPU.Build.0 = Debug|Any CPU
		{8F66F49E-4FC5-40D6-BE4F-7C0A1C3EEDC3}.Release|Any CPU.ActiveCfg = Release|Any CPU
		{8F66F49E-4FC5-40D6-BE4F-7C0A1C3EEDC3}.Release|Any CPU.Build.0 = Release|Any CPU
		{8BC73DA1-B636-4EEA-B9F7-E2648D23F036}.Debug|Any CPU.ActiveCfg = Debug|Any CPU
		{8BC73DA1-B636-4EEA-B9F7-E2648D23F036}.Debug|Any CPU.Build.0 = Debug|Any CPU
		{8BC73DA1-B636-4EEA-B9F7-E2648D23F036}.Release|Any CPU.ActiveCfg = Release|Any CPU
		{8BC73DA1-B636-4EEA-B9F7-E2648D23F036}.Release|Any CPU.Build.0 = Release|Any CPU
		{777B7F2C-699E-4D46-8C1E-C67025EF509B}.Debug|Any CPU.ActiveCfg = Debug|Any CPU
		{777B7F2C-699E-4D46-8C1E-C67025EF509B}.Debug|Any CPU.Build.0 = Debug|Any CPU
		{777B7F2C-699E-4D46-8C1E-C67025EF509B}.Release|Any CPU.ActiveCfg = Release|Any CPU
		{777B7F2C-699E-4D46-8C1E-C67025EF509B}.Release|Any CPU.Build.0 = Release|Any CPU
		{E4EE6E14-65E4-4A4F-B609-6545B1CF8B3E}.Debug|Any CPU.ActiveCfg = Debug|Any CPU
		{E4EE6E14-65E4-4A4F-B609-6545B1CF8B3E}.Debug|Any CPU.Build.0 = Debug|Any CPU
		{E4EE6E14-65E4-4A4F-B609-6545B1CF8B3E}.Release|Any CPU.ActiveCfg = Release|Any CPU
		{E4EE6E14-65E4-4A4F-B609-6545B1CF8B3E}.Release|Any CPU.Build.0 = Release|Any CPU
	EndGlobalSection
	GlobalSection(SolutionProperties) = preSolution
		HideSolutionNode = FALSE
	EndGlobalSection
	GlobalSection(NestedProjects) = preSolution
		{E6523AE9-58E6-46A1-AD26-575300D18908} = {02EA681E-C7D8-13C7-8484-4AC65E1B71E8}
		{7F6C935E-6DD3-463C-9626-54B71639EF2F} = {02EA681E-C7D8-13C7-8484-4AC65E1B71E8}
		{C99AB7AE-7282-48D1-8A53-9DEDB95F1654} = {02EA681E-C7D8-13C7-8484-4AC65E1B71E8}
		{61D1EE35-4877-4249-9DFF-61ABDE5E9135} = {02EA681E-C7D8-13C7-8484-4AC65E1B71E8}
		{8F66F49E-4FC5-40D6-BE4F-7C0A1C3EEDC3} = {4891284C-E849-4F20-831D-D473BE05A542}
		{8BC73DA1-B636-4EEA-B9F7-E2648D23F036} = {4891284C-E849-4F20-831D-D473BE05A542}
		{777B7F2C-699E-4D46-8C1E-C67025EF509B} = {02EA681E-C7D8-13C7-8484-4AC65E1B71E8}
		{E4EE6E14-65E4-4A4F-B609-6545B1CF8B3E} = {02EA681E-C7D8-13C7-8484-4AC65E1B71E8}
	EndGlobalSection
	GlobalSection(ExtensibilityGlobals) = postSolution
		SolutionGuid = {F0F71BB7-500C-49D4-93E8-0BF69935DCE6}
	EndGlobalSection
EndGlobal
