
Microsoft Visual Studio Solution File, Format Version 12.00
# Visual Studio Version 17
VisualStudioVersion = 17.13.35931.197 d17.13
MinimumVisualStudioVersion = 10.0.40219.1
Project("{2150E333-8FDC-42A3-9474-1A3956D46DE8}") = "src", "src", "{02EA681E-C7D8-13C7-8484-4AC65E1B71E8}"
EndProject
Project("{2150E333-8FDC-42A3-9474-1A3956D46DE8}") = "tests", "tests", "{4891284C-E849-4F20-831D-D473BE05A542}"
EndProject
Project("{FAE04EC0-301F-11D3-BF4B-00C04F79EFBC}") = "CashFlow.Api", "src\CashFlow.Api\CashFlow.Api.csproj", "{E6523AE9-58E6-46A1-AD26-575300D18908}"
EndProject
Global
	GlobalSection(SolutionConfigurationPlatforms) = preSolution
		Debug|Any CPU = Debug|Any CPU
		Release|Any CPU = Release|Any CPU
	EndGlobalSection
	GlobalSection(ProjectConfigurationPlatforms) = postSolution
		{E6523AE9-58E6-46A1-AD26-575300D18908}.Debug|Any CPU.ActiveCfg = Debug|Any CPU
		{E6523AE9-58E6-46A1-AD26-575300D18908}.Debug|Any CPU.Build.0 = Debug|Any CPU
		{E6523AE9-58E6-46A1-AD26-575300D18908}.Release|Any CPU.ActiveCfg = Release|Any CPU
		{E6523AE9-58E6-46A1-AD26-575300D18908}.Release|Any CPU.Build.0 = Release|Any CPU
	EndGlobalSection
	GlobalSection(SolutionProperties) = preSolution
		HideSolutionNode = FALSE
	EndGlobalSection
	GlobalSection(NestedProjects) = preSolution
		{E6523AE9-58E6-46A1-AD26-575300D18908} = {02EA681E-C7D8-13C7-8484-4AC65E1B71E8}
	EndGlobalSection
	GlobalSection(ExtensibilityGlobals) = postSolution
		SolutionGuid = {F0F71BB7-500C-49D4-93E8-0BF69935DCE6}
	EndGlobalSection
EndGlobal
